// !$*UTF8*$!
{
	archiveVersion = 1;
	classes = {
	};
	objectVersion = 77;
	objects = {

/* Begin PBXContainerItemProxy section */
		34BEC7B32D787EF600AADA92 /* PBXContainerItemProxy */ = {
			isa = PBXContainerItemProxy;
			containerPortal = 34BEC79A2D787EF500AADA92 /* Project object */;
			proxyType = 1;
			remoteGlobalIDString = 34BEC7A12D787EF500AADA92;
			remoteInfo = IOSLauncher;
		};
		34BEC7BD2D787EF600AADA92 /* PBXContainerItemProxy */ = {
			isa = PBXContainerItemProxy;
			containerPortal = 34BEC79A2D787EF500AADA92 /* Project object */;
			proxyType = 1;
			remoteGlobalIDString = 34BEC7A12D787EF500AADA92;
			remoteInfo = IOSLauncher;
		};
/* End PBXContainerItemProxy section */

/* Begin PBXFileReference section */
		34BEC7A22D787EF500AADA92 /* IOSLauncher.app */ = {isa = PBXFileReference; explicitFileType = wrapper.application; includeInIndex = 0; path = IOSLauncher.app; sourceTree = BUILT_PRODUCTS_DIR; };
		34BEC7B22D787EF600AADA92 /* IOSLauncherTests.xctest */ = {isa = PBXFileReference; explicitFileType = wrapper.cfbundle; includeInIndex = 0; path = IOSLauncherTests.xctest; sourceTree = BUILT_PRODUCTS_DIR; };
		34BEC7BC2D787EF600AADA92 /* IOSLauncherUITests.xctest */ = {isa = PBXFileReference; explicitFileType = wrapper.cfbundle; includeInIndex = 0; path = IOSLauncherUITests.xctest; sourceTree = BUILT_PRODUCTS_DIR; };
/* End PBXFileReference section */

/* Begin PBXFileSystemSynchronizedRootGroup section */
		34BEC7A42D787EF500AADA92 /* IOSLauncher */ = {
			isa = PBXFileSystemSynchronizedRootGroup;
			path = IOSLauncher;
			sourceTree = "<group>";
		};
		34BEC7B52D787EF600AADA92 /* IOSLauncherTests */ = {
			isa = PBXFileSystemSynchronizedRootGroup;
			path = IOSLauncherTests;
			sourceTree = "<group>";
		};
		34BEC7BF2D787EF600AADA92 /* IOSLauncherUITests */ = {
			isa = PBXFileSystemSynchronizedRootGroup;
			path = IOSLauncherUITests;
			sourceTree = "<group>";
		};
/* End PBXFileSystemSynchronizedRootGroup section */

/* Begin PBXFrameworksBuildPhase section */
		34BEC79F2D787EF500AADA92 /* Frameworks */ = {
			isa = PBXFrameworksBuildPhase;
			buildActionMask = 2147483647;
			files = (
			);
			runOnlyForDeploymentPostprocessing = 0;
		};
		34BEC7AF2D787EF600AADA92 /* Frameworks */ = {
			isa = PBXFrameworksBuildPhase;
			buildActionMask = 2147483647;
			files = (
			);
			runOnlyForDeploymentPostprocessing = 0;
		};
		34BEC7B92D787EF600AADA92 /* Frameworks */ = {
			isa = PBXFrameworksBuildPhase;
			buildActionMask = 2147483647;
			files = (
			);
			runOnlyForDeploymentPostprocessing = 0;
		};
/* End PBXFrameworksBuildPhase section */

/* Begin PBXGroup section */
		34BEC7992D787EF500AADA92 = {
			isa = PBXGroup;
			children = (
				34BEC7A42D787EF500AADA92 /* IOSLauncher */,
				34BEC7B52D787EF600AADA92 /* IOSLauncherTests */,
				34BEC7BF2D787EF600AADA92 /* IOSLauncherUITests */,
				34BEC7A32D787EF500AADA92 /* Products */,
			);
			sourceTree = "<group>";
		};
		34BEC7A32D787EF500AADA92 /* Products */ = {
			isa = PBXGroup;
			children = (
				34BEC7A22D787EF500AADA92 /* IOSLauncher.app */,
				34BEC7B22D787EF600AADA92 /* IOSLauncherTests.xctest */,
				34BEC7BC2D787EF600AADA92 /* IOSLauncherUITests.xctest */,
			);
			name = Products;
			sourceTree = "<group>";
		};
/* End PBXGroup section */

/* Begin PBXNativeTarget section */
		34BEC7A12D787EF500AADA92 /* IOSLauncher */ = {
			isa = PBXNativeTarget;
			buildConfigurationList = 34BEC7C62D787EF600AADA92 /* Build configuration list for PBXNativeTarget "IOSLauncher" */;
			buildPhases = (
				34BEC79E2D787EF500AADA92 /* Sources */,
				34BEC79F2D787EF500AADA92 /* Frameworks */,
				34BEC7A02D787EF500AADA92 /* Resources */,
			);
			buildRules = (
			);
			dependencies = (
			);
			fileSystemSynchronizedGroups = (
				34BEC7A42D787EF500AADA92 /* IOSLauncher */,
			);
			name = IOSLauncher;
			packageProductDependencies = (
			);
			productName = IOSLauncher;
			productReference = 34BEC7A22D787EF500AADA92 /* IOSLauncher.app */;
			productType = "com.apple.product-type.application";
		};
		34BEC7B12D787EF600AADA92 /* IOSLauncherTests */ = {
			isa = PBXNativeTarget;
			buildConfigurationList = 34BEC7C92D787EF600AADA92 /* Build configuration list for PBXNativeTarget "IOSLauncherTests" */;
			buildPhases = (
				34BEC7AE2D787EF600AADA92 /* Sources */,
				34BEC7AF2D787EF600AADA92 /* Frameworks */,
				34BEC7B02D787EF600AADA92 /* Resources */,
			);
			buildRules = (
			);
			dependencies = (
				34BEC7B42D787EF600AADA92 /* PBXTargetDependency */,
			);
			fileSystemSynchronizedGroups = (
				34BEC7B52D787EF600AADA92 /* IOSLauncherTests */,
			);
			name = IOSLauncherTests;
			packageProductDependencies = (
			);
			productName = IOSLauncherTests;
			productReference = 34BEC7B22D787EF600AADA92 /* IOSLauncherTests.xctest */;
			productType = "com.apple.product-type.bundle.unit-test";
		};
		34BEC7BB2D787EF600AADA92 /* IOSLauncherUITests */ = {
			isa = PBXNativeTarget;
			buildConfigurationList = 34BEC7CC2D787EF600AADA92 /* Build configuration list for PBXNativeTarget "IOSLauncherUITests" */;
			buildPhases = (
				34BEC7B82D787EF600AADA92 /* Sources */,
				34BEC7B92D787EF600AADA92 /* Frameworks */,
				34BEC7BA2D787EF600AADA92 /* Resources */,
			);
			buildRules = (
			);
			dependencies = (
				34BEC7BE2D787EF600AADA92 /* PBXTargetDependency */,
			);
			fileSystemSynchronizedGroups = (
				34BEC7BF2D787EF600AADA92 /* IOSLauncherUITests */,
			);
			name = IOSLauncherUITests;
			packageProductDependencies = (
			);
			productName = IOSLauncherUITests;
			productReference = 34BEC7BC2D787EF600AADA92 /* IOSLauncherUITests.xctest */;
			productType = "com.apple.product-type.bundle.ui-testing";
		};
/* End PBXNativeTarget section */

/* Begin PBXProject section */
		34BEC79A2D787EF500AADA92 /* Project object */ = {
			isa = PBXProject;
			attributes = {
				BuildIndependentTargetsInParallel = 1;
				LastSwiftUpdateCheck = 1620;
				LastUpgradeCheck = 1620;
				TargetAttributes = {
					34BEC7A12D787EF500AADA92 = {
						CreatedOnToolsVersion = 16.2;
					};
					34BEC7B12D787EF600AADA92 = {
						CreatedOnToolsVersion = 16.2;
						TestTargetID = 34BEC7A12D787EF500AADA92;
					};
					34BEC7BB2D787EF600AADA92 = {
						CreatedOnToolsVersion = 16.2;
						TestTargetID = 34BEC7A12D787EF500AADA92;
					};
				};
			};
			buildConfigurationList = 34BEC79D2D787EF500AADA92 /* Build configuration list for PBXProject "IOSLauncher" */;
			developmentRegion = en;
			hasScannedForEncodings = 0;
			knownRegions = (
				en,
				Base,
			);
			mainGroup = 34BEC7992D787EF500AADA92;
			minimizedProjectReferenceProxies = 1;
			preferredProjectObjectVersion = 77;
			productRefGroup = 34BEC7A32D787EF500AADA92 /* Products */;
			projectDirPath = "";
			projectRoot = "";
			targets = (
				34BEC7A12D787EF500AADA92 /* IOSLauncher */,
				34BEC7B12D787EF600AADA92 /* IOSLauncherTests */,
				34BEC7BB2D787EF600AADA92 /* IOSLauncherUITests */,
			);
		};
/* End PBXProject section */

/* Begin PBXResourcesBuildPhase section */
		34BEC7A02D787EF500AADA92 /* Resources */ = {
			isa = PBXResourcesBuildPhase;
			buildActionMask = 2147483647;
			files = (
			);
			runOnlyForDeploymentPostprocessing = 0;
		};
		34BEC7B02D787EF600AADA92 /* Resources */ = {
			isa = PBXResourcesBuildPhase;
			buildActionMask = 2147483647;
			files = (
			);
			runOnlyForDeploymentPostprocessing = 0;
		};
		34BEC7BA2D787EF600AADA92 /* Resources */ = {
			isa = PBXResourcesBuildPhase;
			buildActionMask = 2147483647;
			files = (
			);
			runOnlyForDeploymentPostprocessing = 0;
		};
/* End PBXResourcesBuildPhase section */

/* Begin PBXSourcesBuildPhase section */
		34BEC79E2D787EF500AADA92 /* Sources */ = {
			isa = PBXSourcesBuildPhase;
			buildActionMask = 2147483647;
			files = (
			);
			runOnlyForDeploymentPostprocessing = 0;
		};
		34BEC7AE2D787EF600AADA92 /* Sources */ = {
			isa = PBXSourcesBuildPhase;
			buildActionMask = 2147483647;
			files = (
			);
			runOnlyForDeploymentPostprocessing = 0;
		};
		34BEC7B82D787EF600AADA92 /* Sources */ = {
			isa = PBXSourcesBuildPhase;
			buildActionMask = 2147483647;
			files = (
			);
			runOnlyForDeploymentPostprocessing = 0;
		};
/* End PBXSourcesBuildPhase section */

/* Begin PBXTargetDependency section */
		34BEC7B42D787EF600AADA92 /* PBXTargetDependency */ = {
			isa = PBXTargetDependency;
			target = 34BEC7A12D787EF500AADA92 /* IOSLauncher */;
			targetProxy = 34BEC7B32D787EF600AADA92 /* PBXContainerItemProxy */;
		};
		34BEC7BE2D787EF600AADA92 /* PBXTargetDependency */ = {
			isa = PBXTargetDependency;
			target = 34BEC7A12D787EF500AADA92 /* IOSLauncher */;
			targetProxy = 34BEC7BD2D787EF600AADA92 /* PBXContainerItemProxy */;
		};
/* End PBXTargetDependency section */

/* Begin XCBuildConfiguration section */
		34BEC7C42D787EF600AADA92 /* Debug */ = {
			isa = XCBuildConfiguration;
			buildSettings = {
				ALWAYS_SEARCH_USER_PATHS = NO;
				ASSETCATALOG_COMPILER_GENERATE_SWIFT_ASSET_SYMBOL_EXTENSIONS = YES;
				CLANG_ANALYZER_NONNULL = YES;
				CLANG_ANALYZER_NUMBER_OBJECT_CONVERSION = YES_AGGRESSIVE;
				CLANG_CXX_LANGUAGE_STANDARD = "gnu++20";
				CLANG_ENABLE_MODULES = YES;
				CLANG_ENABLE_OBJC_ARC = YES;
				CLANG_ENABLE_OBJC_WEAK = YES;
				CLANG_WARN_BLOCK_CAPTURE_AUTORELEASING = YES;
				CLANG_WARN_BOOL_CONVERSION = YES;
				CLANG_WARN_COMMA = YES;
				CLANG_WARN_CONSTANT_CONVERSION = YES;
				CLANG_WARN_DEPRECATED_OBJC_IMPLEMENTATIONS = YES;
				CLANG_WARN_DIRECT_OBJC_ISA_USAGE = YES_ERROR;
				CLANG_WARN_DOCUMENTATION_COMMENTS = YES;
				CLANG_WARN_EMPTY_BODY = YES;
				CLANG_WARN_ENUM_CONVERSION = YES;
				CLANG_WARN_INFINITE_RECURSION = YES;
				CLANG_WARN_INT_CONVERSION = YES;
				CLANG_WARN_NON_LITERAL_NULL_CONVERSION = YES;
				CLANG_WARN_OBJC_IMPLICIT_RETAIN_SELF = YES;
				CLANG_WARN_OBJC_LITERAL_CONVERSION = YES;
				CLANG_WARN_OBJC_ROOT_CLASS = YES_ERROR;
				CLANG_WARN_QUOTED_INCLUDE_IN_FRAMEWORK_HEADER = YES;
				CLANG_WARN_RANGE_LOOP_ANALYSIS = YES;
				CLANG_WARN_STRICT_PROTOTYPES = YES;
				CLANG_WARN_SUSPICIOUS_MOVE = YES;
				CLANG_WARN_UNGUARDED_AVAILABILITY = YES_AGGRESSIVE;
				CLANG_WARN_UNREACHABLE_CODE = YES;
				CLANG_WARN__DUPLICATE_METHOD_MATCH = YES;
				COPY_PHASE_STRIP = NO;
				DEBUG_INFORMATION_FORMAT = dwarf;
				ENABLE_STRICT_OBJC_MSGSEND = YES;
				ENABLE_TESTABILITY = YES;
				ENABLE_USER_SCRIPT_SANDBOXING = YES;
				GCC_C_LANGUAGE_STANDARD = gnu17;
				GCC_DYNAMIC_NO_PIC = NO;
				GCC_NO_COMMON_BLOCKS = YES;
				GCC_OPTIMIZATION_LEVEL = 0;
				GCC_PREPROCESSOR_DEFINITIONS = (
					"DEBUG=1",
					"$(inherited)",
				);
				GCC_WARN_64_TO_32_BIT_CONVERSION = YES;
				GCC_WARN_ABOUT_RETURN_TYPE = YES_ERROR;
				GCC_WARN_UNDECLARED_SELECTOR = YES;
				GCC_WARN_UNINITIALIZED_AUTOS = YES_AGGRESSIVE;
				GCC_WARN_UNUSED_FUNCTION = YES;
				GCC_WARN_UNUSED_VARIABLE = YES;
				IPHONEOS_DEPLOYMENT_TARGET = 18.2;
				LOCALIZATION_PREFERS_STRING_CATALOGS = YES;
				MTL_ENABLE_DEBUG_INFO = INCLUDE_SOURCE;
				MTL_FAST_MATH = YES;
				ONLY_ACTIVE_ARCH = YES;
				SDKROOT = iphoneos;
				SWIFT_ACTIVE_COMPILATION_CONDITIONS = "DEBUG $(inherited)";
				SWIFT_OPTIMIZATION_LEVEL = "-Onone";
			};
			name = Debug;
		};
		34BEC7C52D787EF600AADA92 /* Release */ = {
			isa = XCBuildConfiguration;
			buildSettings = {
				ALWAYS_SEARCH_USER_PATHS = NO;
				ASSETCATALOG_COMPILER_GENERATE_SWIFT_ASSET_SYMBOL_EXTENSIONS = YES;
				CLANG_ANALYZER_NONNULL = YES;
				CLANG_ANALYZER_NUMBER_OBJECT_CONVERSION = YES_AGGRESSIVE;
				CLANG_CXX_LANGUAGE_STANDARD = "gnu++20";
				CLANG_ENABLE_MODULES = YES;
				CLANG_ENABLE_OBJC_ARC = YES;
				CLANG_ENABLE_OBJC_WEAK = YES;
				CLANG_WARN_BLOCK_CAPTURE_AUTORELEASING = YES;
				CLANG_WARN_BOOL_CONVERSION = YES;
				CLANG_WARN_COMMA = YES;
				CLANG_WARN_CONSTANT_CONVERSION = YES;
				CLANG_WARN_DEPRECATED_OBJC_IMPLEMENTATIONS = YES;
				CLANG_WARN_DIRECT_OBJC_ISA_USAGE = YES_ERROR;
				CLANG_WARN_DOCUMENTATION_COMMENTS = YES;
				CLANG_WARN_EMPTY_BODY = YES;
				CLANG_WARN_ENUM_CONVERSION = YES;
				CLANG_WARN_INFINITE_RECURSION = YES;
				CLANG_WARN_INT_CONVERSION = YES;
				CLANG_WARN_NON_LITERAL_NULL_CONVERSION = YES;
				CLANG_WARN_OBJC_IMPLICIT_RETAIN_SELF = YES;
				CLANG_WARN_OBJC_LITERAL_CONVERSION = YES;
				CLANG_WARN_OBJC_ROOT_CLASS = YES_ERROR;
				CLANG_WARN_QUOTED_INCLUDE_IN_FRAMEWORK_HEADER = YES;
				CLANG_WARN_RANGE_LOOP_ANALYSIS = YES;
				CLANG_WARN_STRICT_PROTOTYPES = YES;
				CLANG_WARN_SUSPICIOUS_MOVE = YES;
				CLANG_WARN_UNGUARDED_AVAILABILITY = YES_AGGRESSIVE;
				CLANG_WARN_UNREACHABLE_CODE = YES;
				CLANG_WARN__DUPLICATE_METHOD_MATCH = YES;
				COPY_PHASE_STRIP = NO;
				DEBUG_INFORMATION_FORMAT = "dwarf-with-dsym";
				ENABLE_NS_ASSERTIONS = NO;
				ENABLE_STRICT_OBJC_MSGSEND = YES;
				ENABLE_USER_SCRIPT_SANDBOXING = YES;
				GCC_C_LANGUAGE_STANDARD = gnu17;
				GCC_NO_COMMON_BLOCKS = YES;
				GCC_WARN_64_TO_32_BIT_CONVERSION = YES;
				GCC_WARN_ABOUT_RETURN_TYPE = YES_ERROR;
				GCC_WARN_UNDECLARED_SELECTOR = YES;
				GCC_WARN_UNINITIALIZED_AUTOS = YES_AGGRESSIVE;
				GCC_WARN_UNUSED_FUNCTION = YES;
				GCC_WARN_UNUSED_VARIABLE = YES;
				IPHONEOS_DEPLOYMENT_TARGET = 18.2;
				LOCALIZATION_PREFERS_STRING_CATALOGS = YES;
				MTL_ENABLE_DEBUG_INFO = NO;
				MTL_FAST_MATH = YES;
				SDKROOT = iphoneos;
				SWIFT_COMPILATION_MODE = wholemodule;
				VALIDATE_PRODUCT = YES;
			};
			name = Release;
		};
		34BEC7C72D787EF600AADA92 /* Debug */ = {
			isa = XCBuildConfiguration;
			buildSettings = {
				ASSETCATALOG_COMPILER_APPICON_NAME = AppIcon;
				ASSETCATALOG_COMPILER_GLOBAL_ACCENT_COLOR_NAME = AccentColor;
				CODE_SIGN_STYLE = Automatic;
				CURRENT_PROJECT_VERSION = 1;
				DEVELOPMENT_ASSET_PATHS = "\"IOSLauncher/Preview Content\"";
				DEVELOPMENT_TEAM = 3V79G27KZK;
				ENABLE_PREVIEWS = YES;
				GENERATE_INFOPLIST_FILE = YES;
				INFOPLIST_KEY_UIApplicationSceneManifest_Generation = YES;
				INFOPLIST_KEY_UIApplicationSupportsIndirectInputEvents = YES;
				INFOPLIST_KEY_UILaunchScreen_Generation = YES;
				INFOPLIST_KEY_UISupportedInterfaceOrientations_iPad = "UIInterfaceOrientationPortrait UIInterfaceOrientationPortraitUpsideDown UIInterfaceOrientationLandscapeLeft UIInterfaceOrientationLandscapeRight";
				INFOPLIST_KEY_UISupportedInterfaceOrientations_iPhone = "UIInterfaceOrientationPortrait UIInterfaceOrientationLandscapeLeft UIInterfaceOrientationLandscapeRight";
				LD_RUNPATH_SEARCH_PATHS = (
					"$(inherited)",
					"@executable_path/Frameworks",
				);
				MARKETING_VERSION = 1.0;
				PRODUCT_BUNDLE_IDENTIFIER = com.smarteca.foundsender;
				PRODUCT_NAME = "$(TARGET_NAME)";
				SWIFT_EMIT_LOC_STRINGS = YES;
				SWIFT_VERSION = 5.0;
				TARGETED_DEVICE_FAMILY = "1,2";
			};
			name = Debug;
		};
		34BEC7C82D787EF600AADA92 /* Release */ = {
			isa = XCBuildConfiguration;
			buildSettings = {
				ASSETCATALOG_COMPILER_APPICON_NAME = AppIcon;
				ASSETCATALOG_COMPILER_GLOBAL_ACCENT_COLOR_NAME = AccentColor;
				CODE_SIGN_STYLE = Automatic;
				CURRENT_PROJECT_VERSION = 1;
				DEVELOPMENT_ASSET_PATHS = "\"IOSLauncher/Preview Content\"";
				DEVELOPMENT_TEAM = 3V79G27KZK;
				ENABLE_PREVIEWS = YES;
				GENERATE_INFOPLIST_FILE = YES;
				INFOPLIST_KEY_UIApplicationSceneManifest_Generation = YES;
				INFOPLIST_KEY_UIApplicationSupportsIndirectInputEvents = YES;
				INFOPLIST_KEY_UILaunchScreen_Generation = YES;
				INFOPLIST_KEY_UISupportedInterfaceOrientations_iPad = "UIInterfaceOrientationPortrait UIInterfaceOrientationPortraitUpsideDown UIInterfaceOrientationLandscapeLeft UIInterfaceOrientationLandscapeRight";
				INFOPLIST_KEY_UISupportedInterfaceOrientations_iPhone = "UIInterfaceOrientationPortrait UIInterfaceOrientationLandscapeLeft UIInterfaceOrientationLandscapeRight";
				LD_RUNPATH_SEARCH_PATHS = (
					"$(inherited)",
					"@executable_path/Frameworks",
				);
				MARKETING_VERSION = 1.0;
				PRODUCT_BUNDLE_IDENTIFIER = com.smarteca.foundsender;
				PRODUCT_NAME = "$(TARGET_NAME)";
				SWIFT_EMIT_LOC_STRINGS = YES;
				SWIFT_VERSION = 5.0;
				TARGETED_DEVICE_FAMILY = "1,2";
			};
			name = Release;
		};
		34BEC7CA2D787EF600AADA92 /* Debug */ = {
			isa = XCBuildConfiguration;
			buildSettings = {
				BUNDLE_LOADER = "$(TEST_HOST)";
				CODE_SIGN_STYLE = Automatic;
				CURRENT_PROJECT_VERSION = 1;
				DEVELOPMENT_TEAM = 3V79G27KZK;
				GENERATE_INFOPLIST_FILE = YES;
				IPHONEOS_DEPLOYMENT_TARGET = 18.2;
				MARKETING_VERSION = 1.0;
				PRODUCT_BUNDLE_IDENTIFIER = com.smarteca.foundsender.IOSLauncherTests;
				PRODUCT_NAME = "$(TARGET_NAME)";
				SWIFT_EMIT_LOC_STRINGS = NO;
				SWIFT_VERSION = 5.0;
				TARGETED_DEVICE_FAMILY = "1,2";
				TEST_HOST = "$(BUILT_PRODUCTS_DIR)/IOSLauncher.app/$(BUNDLE_EXECUTABLE_FOLDER_PATH)/IOSLauncher";
			};
			name = Debug;
		};
		34BEC7CB2D787EF600AADA92 /* Release */ = {
			isa = XCBuildConfiguration;
			buildSettings = {
				BUNDLE_LOADER = "$(TEST_HOST)";
				CODE_SIGN_STYLE = Automatic;
				CURRENT_PROJECT_VERSION = 1;
				DEVELOPMENT_TEAM = 3V79G27KZK;
				GENERATE_INFOPLIST_FILE = YES;
				IPHONEOS_DEPLOYMENT_TARGET = 18.2;
				MARKETING_VERSION = 1.0;
				PRODUCT_BUNDLE_IDENTIFIER = com.smarteca.foundsender.IOSLauncherTests;
				PRODUCT_NAME = "$(TARGET_NAME)";
				SWIFT_EMIT_LOC_STRINGS = NO;
				SWIFT_VERSION = 5.0;
				TARGETED_DEVICE_FAMILY = "1,2";
				TEST_HOST = "$(BUILT_PRODUCTS_DIR)/IOSLauncher.app/$(BUNDLE_EXECUTABLE_FOLDER_PATH)/IOSLauncher";
			};
			name = Release;
		};
		34BEC7CD2D787EF600AADA92 /* Debug */ = {
			isa = XCBuildConfiguration;
			buildSettings = {
				CODE_SIGN_STYLE = Automatic;
				CURRENT_PROJECT_VERSION = 1;
				DEVELOPMENT_TEAM = 3V79G27KZK;
				GENERATE_INFOPLIST_FILE = YES;
				MARKETING_VERSION = 1.0;
				PRODUCT_BUNDLE_IDENTIFIER = com.smarteca.foundsender.IOSLauncherUITests;
				PRODUCT_NAME = "$(TARGET_NAME)";
				SWIFT_EMIT_LOC_STRINGS = NO;
				SWIFT_VERSION = 5.0;
				TARGETED_DEVICE_FAMILY = "1,2";
				TEST_TARGET_NAME = IOSLauncher;
			};
			name = Debug;
		};
		34BEC7CE2D787EF600AADA92 /* Release */ = {
			isa = XCBuildConfiguration;
			buildSettings = {
				CODE_SIGN_STYLE = Automatic;
				CURRENT_PROJECT_VERSION = 1;
				DEVELOPMENT_TEAM = 3V79G27KZK;
				GENERATE_INFOPLIST_FILE = YES;
				MARKETING_VERSION = 1.0;
				PRODUCT_BUNDLE_IDENTIFIER = com.smarteca.foundsender.IOSLauncherUITests;
				PRODUCT_NAME = "$(TARGET_NAME)";
				SWIFT_EMIT_LOC_STRINGS = NO;
				SWIFT_VERSION = 5.0;
				TARGETED_DEVICE_FAMILY = "1,2";
				TEST_TARGET_NAME = IOSLauncher;
			};
			name = Release;
		};
/* End XCBuildConfiguration section */

/* Begin XCConfigurationList section */
		34BEC79D2D787EF500AADA92 /* Build configuration list for PBXProject "IOSLauncher" */ = {
			isa = XCConfigurationList;
			buildConfigurations = (
				34BEC7C42D787EF600AADA92 /* Debug */,
				34BEC7C52D787EF600AADA92 /* Release */,
			);
			defaultConfigurationIsVisible = 0;
			defaultConfigurationName = Release;
		};
		34BEC7C62D787EF600AADA92 /* Build configuration list for PBXNativeTarget "IOSLauncher" */ = {
			isa = XCConfigurationList;
			buildConfigurations = (
				34BEC7C72D787EF600AADA92 /* Debug */,
				34BEC7C82D787EF600AADA92 /* Release */,
			);
			defaultConfigurationIsVisible = 0;
			defaultConfigurationName = Release;
		};
		34BEC7C92D787EF600AADA92 /* Build configuration list for PBXNativeTarget "IOSLauncherTests" */ = {
			isa = XCConfigurationList;
			buildConfigurations = (
				34BEC7CA2D787EF600AADA92 /* Debug */,
				34BEC7CB2D787EF600AADA92 /* Release */,
			);
			defaultConfigurationIsVisible = 0;
			defaultConfigurationName = Release;
		};
		34BEC7CC2D787EF600AADA92 /* Build configuration list for PBXNativeTarget "IOSLauncherUITests" */ = {
			isa = XCConfigurationList;
			buildConfigurations = (
				34BEC7CD2D787EF600AADA92 /* Debug */,
				34BEC7CE2D787EF600AADA92 /* Release */,
			);
			defaultConfigurationIsVisible = 0;
			defaultConfigurationName = Release;
		};
/* End XCConfigurationList section */
	};
	rootObject = 34BEC79A2D787EF500AADA92 /* Project object */;
}
